
Microsoft Visual Studio Solution File, Format Version 12.00
# Visual Studio Version 17
VisualStudioVersion = 17.5.002.0
MinimumVisualStudioVersion = 10.0.40219.1
Project("{2150E333-8FDC-42A3-9474-1A3956D46DE8}") = "project", "project", "{4C14BD81-0A99-4D70-8817-B1C76DB7FC47}"
EndProject
Project("{9A19103F-16F7-4668-BE54-9A1E7A4F7556}") = "mvc", "project\mvcTemplate\mvc.csproj", "{898EA9C6-9177-487A-94C8-3DA778D715F1}"
EndProject
Global
	GlobalSection(SolutionConfigurationPlatforms) = preSolution
		Debug|Any CPU = Debug|Any CPU
		Release|Any CPU = Release|Any CPU
	EndGlobalSection
	GlobalSection(ProjectConfigurationPlatforms) = postSolution
		{898EA9C6-9177-487A-94C8-3DA778D715F1}.Debug|Any CPU.ActiveCfg = Debug|Any CPU
		{898EA9C6-9177-487A-94C8-3DA778D715F1}.Debug|Any CPU.Build.0 = Debug|Any CPU
		{898EA9C6-9177-487A-94C8-3DA778D715F1}.Release|Any CPU.ActiveCfg = Release|Any CPU
		{898EA9C6-9177-487A-94C8-3DA778D715F1}.Release|Any CPU.Build.0 = Release|Any CPU
	EndGlobalSection
	GlobalSection(SolutionProperties) = preSolution
		HideSolutionNode = FALSE
	EndGlobalSection
	GlobalSection(NestedProjects) = preSolution
		{898EA9C6-9177-487A-94C8-3DA778D715F1} = {4C14BD81-0A99-4D70-8817-B1C76DB7FC47}
	EndGlobalSection
	GlobalSection(ExtensibilityGlobals) = postSolution
		SolutionGuid = {C82834F4-B114-4949-BF2A-6A62A95E45DC}
	EndGlobalSection
EndGlobal
